// !$*UTF8*$!
{
	archiveVersion = 1;
	classes = {
	};
	objectVersion = 56;
	objects = {

/* Begin PBXBuildFile section */
		C06ADC9E2B8EA1AB003B2230 /* ninja_good-sheet.png in CopyFiles */ = {isa = PBXBuildFile; fileRef = C06ADC9D2B8EA1AB003B2230 /* ninja_good-sheet.png */; };
		C0C793C62B7ED2AD00943ABD /* main.cpp in Sources */ = {isa = PBXBuildFile; fileRef = C0C793C52B7ED2AD00943ABD /* main.cpp */; };
		C0C793CE2B7ED45100943ABD /* libraylib.4.2.0.dylib in Frameworks */ = {isa = PBXBuildFile; fileRef = C0C793CD2B7ED45100943ABD /* libraylib.4.2.0.dylib */; };
		C0C793D72B7EDD6600943ABD /* Player.cpp in Sources */ = {isa = PBXBuildFile; fileRef = C0C793D52B7EDD6600943ABD /* Player.cpp */; };
		C0C793DA2B80470B00943ABD /* Star.cpp in Sources */ = {isa = PBXBuildFile; fileRef = C0C793D82B80470B00943ABD /* Star.cpp */; };
		C0C793DD2B81995500943ABD /* Game.cpp in Sources */ = {isa = PBXBuildFile; fileRef = C0C793DB2B81995500943ABD /* Game.cpp */; };
		C0C793E22B82E21400943ABD /* ninja_good.png in CopyFiles */ = {isa = PBXBuildFile; fileRef = C0C793E02B82DD3700943ABD /* ninja_good.png */; };
		C0C793E32B82E21B00943ABD /* ninja_bad.png in CopyFiles */ = {isa = PBXBuildFile; fileRef = C0C793E12B82DD3700943ABD /* ninja_bad.png */; };
		C0C793EA2B84139200943ABD /* Enemy.cpp in Sources */ = {isa = PBXBuildFile; fileRef = C0C793E82B84139200943ABD /* Enemy.cpp */; };
		C0C793EC2B8419DB00943ABD /* shuriken.png in CopyFiles */ = {isa = PBXBuildFile; fileRef = C0C793EB2B8419DB00943ABD /* shuriken.png */; };
		C0C793F12B85571200943ABD /* Sprite.cpp in Sources */ = {isa = PBXBuildFile; fileRef = C0C793F02B85571200943ABD /* Sprite.cpp */; };
		C0C793F42B85610100943ABD /* Map.cpp in Sources */ = {isa = PBXBuildFile; fileRef = C0C793F22B85610100943ABD /* Map.cpp */; };
		C0C793FC2B86B03A00943ABD /* cobblestone.png in CopyFiles */ = {isa = PBXBuildFile; fileRef = C0C793FB2B86B03A00943ABD /* cobblestone.png */; };
		C0C794042B86C33600943ABD /* wood.png in CopyFiles */ = {isa = PBXBuildFile; fileRef = C0C794032B86C33600943ABD /* wood.png */; };
		C0C794072B8809ED00943ABD /* Collision.cpp in Sources */ = {isa = PBXBuildFile; fileRef = C0C794052B8809ED00943ABD /* Collision.cpp */; };
/* End PBXBuildFile section */

/* Begin PBXCopyFilesBuildPhase section */
		C0C793C02B7ED2AD00943ABD /* CopyFiles */ = {
			isa = PBXCopyFilesBuildPhase;
			buildActionMask = 12;
			dstPath = "";
			dstSubfolderSpec = 7;
			files = (
				C06ADC9E2B8EA1AB003B2230 /* ninja_good-sheet.png in CopyFiles */,
				C0C794042B86C33600943ABD /* wood.png in CopyFiles */,
				C0C793FC2B86B03A00943ABD /* cobblestone.png in CopyFiles */,
				C0C793EC2B8419DB00943ABD /* shuriken.png in CopyFiles */,
				C0C793E32B82E21B00943ABD /* ninja_bad.png in CopyFiles */,
				C0C793E22B82E21400943ABD /* ninja_good.png in CopyFiles */,
			);
			runOnlyForDeploymentPostprocessing = 0;
		};
/* End PBXCopyFilesBuildPhase section */

/* Begin PBXFileReference section */
		C06ADC9D2B8EA1AB003B2230 /* ninja_good-sheet.png */ = {isa = PBXFileReference; lastKnownFileType = image.png; path = "ninja_good-sheet.png"; sourceTree = "<group>"; };
		C0C793C22B7ED2AD00943ABD /* Ninja Star */ = {isa = PBXFileReference; explicitFileType = "compiled.mach-o.executable"; includeInIndex = 0; path = "Ninja Star"; sourceTree = BUILT_PRODUCTS_DIR; };
		C0C793C52B7ED2AD00943ABD /* main.cpp */ = {isa = PBXFileReference; lastKnownFileType = sourcecode.cpp.cpp; path = main.cpp; sourceTree = "<group>"; };
		C0C793CD2B7ED45100943ABD /* libraylib.4.2.0.dylib */ = {isa = PBXFileReference; lastKnownFileType = "compiled.mach-o.dylib"; name = libraylib.4.2.0.dylib; path = Externals/raylib/4.5.0/lib/libraylib.4.2.0.dylib; sourceTree = "<group>"; };
		C0C793CF2B7ED5D000943ABD /* Ninja Star.entitlements */ = {isa = PBXFileReference; lastKnownFileType = text.plist.entitlements; path = "Ninja Star.entitlements"; sourceTree = "<group>"; };
		C0C793D52B7EDD6600943ABD /* Player.cpp */ = {isa = PBXFileReference; lastKnownFileType = sourcecode.cpp.cpp; path = Player.cpp; sourceTree = "<group>"; };
		C0C793D62B7EDD6600943ABD /* Player.hpp */ = {isa = PBXFileReference; lastKnownFileType = sourcecode.cpp.h; path = Player.hpp; sourceTree = "<group>"; };
		C0C793D82B80470B00943ABD /* Star.cpp */ = {isa = PBXFileReference; lastKnownFileType = sourcecode.cpp.cpp; path = Star.cpp; sourceTree = "<group>"; };
		C0C793D92B80470B00943ABD /* Star.hpp */ = {isa = PBXFileReference; lastKnownFileType = sourcecode.cpp.h; path = Star.hpp; sourceTree = "<group>"; };
		C0C793DB2B81995500943ABD /* Game.cpp */ = {isa = PBXFileReference; lastKnownFileType = sourcecode.cpp.cpp; path = Game.cpp; sourceTree = "<group>"; };
		C0C793DC2B81995500943ABD /* Game.hpp */ = {isa = PBXFileReference; lastKnownFileType = sourcecode.cpp.h; path = Game.hpp; sourceTree = "<group>"; };
		C0C793E02B82DD3700943ABD /* ninja_good.png */ = {isa = PBXFileReference; lastKnownFileType = image.png; path = ninja_good.png; sourceTree = "<group>"; };
		C0C793E12B82DD3700943ABD /* ninja_bad.png */ = {isa = PBXFileReference; lastKnownFileType = image.png; path = ninja_bad.png; sourceTree = "<group>"; };
		C0C793E72B84133F00943ABD /* raylib */ = {isa = PBXFileReference; lastKnownFileType = folder; path = raylib; sourceTree = "<group>"; };
		C0C793E82B84139200943ABD /* Enemy.cpp */ = {isa = PBXFileReference; lastKnownFileType = sourcecode.cpp.cpp; path = Enemy.cpp; sourceTree = "<group>"; };
		C0C793E92B84139200943ABD /* Enemy.hpp */ = {isa = PBXFileReference; lastKnownFileType = sourcecode.cpp.h; path = Enemy.hpp; sourceTree = "<group>"; };
		C0C793EB2B8419DB00943ABD /* shuriken.png */ = {isa = PBXFileReference; lastKnownFileType = image.png; path = shuriken.png; sourceTree = "<group>"; };
		C0C793EE2B8555CE00943ABD /* Sprite.hpp */ = {isa = PBXFileReference; lastKnownFileType = sourcecode.cpp.h; path = Sprite.hpp; sourceTree = "<group>"; };
		C0C793F02B85571200943ABD /* Sprite.cpp */ = {isa = PBXFileReference; lastKnownFileType = sourcecode.cpp.cpp; path = Sprite.cpp; sourceTree = "<group>"; };
		C0C793F22B85610100943ABD /* Map.cpp */ = {isa = PBXFileReference; lastKnownFileType = sourcecode.cpp.cpp; path = Map.cpp; sourceTree = "<group>"; };
		C0C793F32B85610100943ABD /* Map.hpp */ = {isa = PBXFileReference; lastKnownFileType = sourcecode.cpp.h; path = Map.hpp; sourceTree = "<group>"; };
		C0C793FB2B86B03A00943ABD /* cobblestone.png */ = {isa = PBXFileReference; lastKnownFileType = image.png; path = cobblestone.png; sourceTree = "<group>"; };
		C0C794032B86C33600943ABD /* wood.png */ = {isa = PBXFileReference; lastKnownFileType = image.png; path = wood.png; sourceTree = "<group>"; };
		C0C794052B8809ED00943ABD /* Collision.cpp */ = {isa = PBXFileReference; lastKnownFileType = sourcecode.cpp.cpp; path = Collision.cpp; sourceTree = "<group>"; };
		C0C794062B8809ED00943ABD /* Collision.hpp */ = {isa = PBXFileReference; lastKnownFileType = sourcecode.cpp.h; path = Collision.hpp; sourceTree = "<group>"; };
/* End PBXFileReference section */

/* Begin PBXFrameworksBuildPhase section */
		C0C793BF2B7ED2AD00943ABD /* Frameworks */ = {
			isa = PBXFrameworksBuildPhase;
			buildActionMask = 2147483647;
			files = (
				C0C793CE2B7ED45100943ABD /* libraylib.4.2.0.dylib in Frameworks */,
			);
			runOnlyForDeploymentPostprocessing = 0;
		};
/* End PBXFrameworksBuildPhase section */

/* Begin PBXGroup section */
		C0C793B92B7ED2AD00943ABD = {
			isa = PBXGroup;
			children = (
				C0C793C42B7ED2AD00943ABD /* Ninja Star */,
				C0C793C32B7ED2AD00943ABD /* Products */,
				C0C793CC2B7ED45100943ABD /* Frameworks */,
			);
			sourceTree = "<group>";
		};
		C0C793C32B7ED2AD00943ABD /* Products */ = {
			isa = PBXGroup;
			children = (
				C0C793C22B7ED2AD00943ABD /* Ninja Star */,
			);
			name = Products;
			sourceTree = "<group>";
		};
		C0C793C42B7ED2AD00943ABD /* Ninja Star */ = {
			isa = PBXGroup;
			children = (
				C0C793DF2B82DD2100943ABD /* res */,
				C0C793D12B7ED8C800943ABD /* include */,
				C0C793D02B7ED8B200943ABD /* src */,
				C0C793CF2B7ED5D000943ABD /* Ninja Star.entitlements */,
				C0C793C52B7ED2AD00943ABD /* main.cpp */,
			);
			path = "Ninja Star";
			sourceTree = "<group>";
		};
		C0C793CC2B7ED45100943ABD /* Frameworks */ = {
			isa = PBXGroup;
			children = (
				C0C793CD2B7ED45100943ABD /* libraylib.4.2.0.dylib */,
			);
			name = Frameworks;
			sourceTree = "<group>";
		};
		C0C793D02B7ED8B200943ABD /* src */ = {
			isa = PBXGroup;
			children = (
				C0C794052B8809ED00943ABD /* Collision.cpp */,
				C0C793F22B85610100943ABD /* Map.cpp */,
				C0C793DB2B81995500943ABD /* Game.cpp */,
				C0C793D52B7EDD6600943ABD /* Player.cpp */,
				C0C793D82B80470B00943ABD /* Star.cpp */,
				C0C793E82B84139200943ABD /* Enemy.cpp */,
				C0C793F02B85571200943ABD /* Sprite.cpp */,
			);
			path = src;
			sourceTree = "<group>";
		};
		C0C793D12B7ED8C800943ABD /* include */ = {
			isa = PBXGroup;
			children = (
				C0C793E72B84133F00943ABD /* raylib */,
				C0C793DC2B81995500943ABD /* Game.hpp */,
				C0C793D62B7EDD6600943ABD /* Player.hpp */,
				C0C793D92B80470B00943ABD /* Star.hpp */,
				C0C793E92B84139200943ABD /* Enemy.hpp */,
				C0C793EE2B8555CE00943ABD /* Sprite.hpp */,
				C0C793F32B85610100943ABD /* Map.hpp */,
				C0C794062B8809ED00943ABD /* Collision.hpp */,
			);
			path = include;
			sourceTree = "<group>";
		};
		C0C793DF2B82DD2100943ABD /* res */ = {
			isa = PBXGroup;
			children = (
				C06ADC9D2B8EA1AB003B2230 /* ninja_good-sheet.png */,
				C0C794032B86C33600943ABD /* wood.png */,
				C0C793FB2B86B03A00943ABD /* cobblestone.png */,
				C0C793E12B82DD3700943ABD /* ninja_bad.png */,
				C0C793E02B82DD3700943ABD /* ninja_good.png */,
				C0C793EB2B8419DB00943ABD /* shuriken.png */,
			);
			path = res;
			sourceTree = "<group>";
		};
/* End PBXGroup section */

/* Begin PBXNativeTarget section */
		C0C793C12B7ED2AD00943ABD /* Ninja Star */ = {
			isa = PBXNativeTarget;
			buildConfigurationList = C0C793C92B7ED2AD00943ABD /* Build configuration list for PBXNativeTarget "Ninja Star" */;
			buildPhases = (
				C0C793BE2B7ED2AD00943ABD /* Sources */,
				C0C793BF2B7ED2AD00943ABD /* Frameworks */,
				C0C793C02B7ED2AD00943ABD /* CopyFiles */,
			);
			buildRules = (
			);
			dependencies = (
			);
			name = "Ninja Star";
			productName = "Ninja Star";
			productReference = C0C793C22B7ED2AD00943ABD /* Ninja Star */;
			productType = "com.apple.product-type.tool";
		};
/* End PBXNativeTarget section */

/* Begin PBXProject section */
		C0C793BA2B7ED2AD00943ABD /* Project object */ = {
			isa = PBXProject;
			attributes = {
				BuildIndependentTargetsInParallel = 1;
				LastUpgradeCheck = 1420;
				TargetAttributes = {
					C0C793C12B7ED2AD00943ABD = {
						CreatedOnToolsVersion = 14.2;
					};
				};
			};
			buildConfigurationList = C0C793BD2B7ED2AD00943ABD /* Build configuration list for PBXProject "Ninja Star" */;
			compatibilityVersion = "Xcode 14.0";
			developmentRegion = en;
			hasScannedForEncodings = 0;
			knownRegions = (
				en,
				Base,
			);
			mainGroup = C0C793B92B7ED2AD00943ABD;
			productRefGroup = C0C793C32B7ED2AD00943ABD /* Products */;
			projectDirPath = "";
			projectRoot = "";
			targets = (
				C0C793C12B7ED2AD00943ABD /* Ninja Star */,
			);
		};
/* End PBXProject section */

/* Begin PBXSourcesBuildPhase section */
		C0C793BE2B7ED2AD00943ABD /* Sources */ = {
			isa = PBXSourcesBuildPhase;
			buildActionMask = 2147483647;
			files = (
				C0C793DA2B80470B00943ABD /* Star.cpp in Sources */,
				C0C793C62B7ED2AD00943ABD /* main.cpp in Sources */,
				C0C794072B8809ED00943ABD /* Collision.cpp in Sources */,
				C0C793F12B85571200943ABD /* Sprite.cpp in Sources */,
				C0C793EA2B84139200943ABD /* Enemy.cpp in Sources */,
				C0C793D72B7EDD6600943ABD /* Player.cpp in Sources */,
				C0C793F42B85610100943ABD /* Map.cpp in Sources */,
				C0C793DD2B81995500943ABD /* Game.cpp in Sources */,
			);
			runOnlyForDeploymentPostprocessing = 0;
		};
/* End PBXSourcesBuildPhase section */

/* Begin XCBuildConfiguration section */
		C0C793C72B7ED2AD00943ABD /* Debug */ = {
			isa = XCBuildConfiguration;
			buildSettings = {
				ALWAYS_SEARCH_USER_PATHS = NO;
				CLANG_ANALYZER_NONNULL = YES;
				CLANG_ANALYZER_NUMBER_OBJECT_CONVERSION = YES_AGGRESSIVE;
				CLANG_CXX_LANGUAGE_STANDARD = "gnu++20";
				CLANG_ENABLE_MODULES = YES;
				CLANG_ENABLE_OBJC_ARC = YES;
				CLANG_ENABLE_OBJC_WEAK = YES;
				CLANG_WARN_BLOCK_CAPTURE_AUTORELEASING = YES;
				CLANG_WARN_BOOL_CONVERSION = YES;
				CLANG_WARN_COMMA = YES;
				CLANG_WARN_CONSTANT_CONVERSION = YES;
				CLANG_WARN_DEPRECATED_OBJC_IMPLEMENTATIONS = YES;
				CLANG_WARN_DIRECT_OBJC_ISA_USAGE = YES_ERROR;
				CLANG_WARN_DOCUMENTATION_COMMENTS = YES;
				CLANG_WARN_EMPTY_BODY = YES;
				CLANG_WARN_ENUM_CONVERSION = YES;
				CLANG_WARN_INFINITE_RECURSION = YES;
				CLANG_WARN_INT_CONVERSION = YES;
				CLANG_WARN_NON_LITERAL_NULL_CONVERSION = YES;
				CLANG_WARN_OBJC_IMPLICIT_RETAIN_SELF = YES;
				CLANG_WARN_OBJC_LITERAL_CONVERSION = YES;
				CLANG_WARN_OBJC_ROOT_CLASS = YES_ERROR;
				CLANG_WARN_QUOTED_INCLUDE_IN_FRAMEWORK_HEADER = YES;
				CLANG_WARN_RANGE_LOOP_ANALYSIS = YES;
				CLANG_WARN_STRICT_PROTOTYPES = YES;
				CLANG_WARN_SUSPICIOUS_MOVE = YES;
				CLANG_WARN_UNGUARDED_AVAILABILITY = YES_AGGRESSIVE;
				CLANG_WARN_UNREACHABLE_CODE = YES;
				CLANG_WARN__DUPLICATE_METHOD_MATCH = YES;
				COPY_PHASE_STRIP = NO;
				DEBUG_INFORMATION_FORMAT = dwarf;
				ENABLE_STRICT_OBJC_MSGSEND = YES;
				ENABLE_TESTABILITY = YES;
				GCC_C_LANGUAGE_STANDARD = gnu11;
				GCC_DYNAMIC_NO_PIC = NO;
				GCC_NO_COMMON_BLOCKS = YES;
				GCC_OPTIMIZATION_LEVEL = 0;
				GCC_PREPROCESSOR_DEFINITIONS = (
					"DEBUG=1",
					"$(inherited)",
				);
				GCC_WARN_64_TO_32_BIT_CONVERSION = YES;
				GCC_WARN_ABOUT_RETURN_TYPE = YES_ERROR;
				GCC_WARN_UNDECLARED_SELECTOR = YES;
				GCC_WARN_UNINITIALIZED_AUTOS = YES_AGGRESSIVE;
				GCC_WARN_UNUSED_FUNCTION = YES;
				GCC_WARN_UNUSED_VARIABLE = YES;
				MACOSX_DEPLOYMENT_TARGET = 12.5;
				MTL_ENABLE_DEBUG_INFO = INCLUDE_SOURCE;
				MTL_FAST_MATH = YES;
				ONLY_ACTIVE_ARCH = YES;
				SDKROOT = macosx;
			};
			name = Debug;
		};
		C0C793C82B7ED2AD00943ABD /* Release */ = {
			isa = XCBuildConfiguration;
			buildSettings = {
				ALWAYS_SEARCH_USER_PATHS = NO;
				CLANG_ANALYZER_NONNULL = YES;
				CLANG_ANALYZER_NUMBER_OBJECT_CONVERSION = YES_AGGRESSIVE;
				CLANG_CXX_LANGUAGE_STANDARD = "gnu++20";
				CLANG_ENABLE_MODULES = YES;
				CLANG_ENABLE_OBJC_ARC = YES;
				CLANG_ENABLE_OBJC_WEAK = YES;
				CLANG_WARN_BLOCK_CAPTURE_AUTORELEASING = YES;
				CLANG_WARN_BOOL_CONVERSION = YES;
				CLANG_WARN_COMMA = YES;
				CLANG_WARN_CONSTANT_CONVERSION = YES;
				CLANG_WARN_DEPRECATED_OBJC_IMPLEMENTATIONS = YES;
				CLANG_WARN_DIRECT_OBJC_ISA_USAGE = YES_ERROR;
				CLANG_WARN_DOCUMENTATION_COMMENTS = YES;
				CLANG_WARN_EMPTY_BODY = YES;
				CLANG_WARN_ENUM_CONVERSION = YES;
				CLANG_WARN_INFINITE_RECURSION = YES;
				CLANG_WARN_INT_CONVERSION = YES;
				CLANG_WARN_NON_LITERAL_NULL_CONVERSION = YES;
				CLANG_WARN_OBJC_IMPLICIT_RETAIN_SELF = YES;
				CLANG_WARN_OBJC_LITERAL_CONVERSION = YES;
				CLANG_WARN_OBJC_ROOT_CLASS = YES_ERROR;
				CLANG_WARN_QUOTED_INCLUDE_IN_FRAMEWORK_HEADER = YES;
				CLANG_WARN_RANGE_LOOP_ANALYSIS = YES;
				CLANG_WARN_STRICT_PROTOTYPES = YES;
				CLANG_WARN_SUSPICIOUS_MOVE = YES;
				CLANG_WARN_UNGUARDED_AVAILABILITY = YES_AGGRESSIVE;
				CLANG_WARN_UNREACHABLE_CODE = YES;
				CLANG_WARN__DUPLICATE_METHOD_MATCH = YES;
				COPY_PHASE_STRIP = NO;
				DEBUG_INFORMATION_FORMAT = "dwarf-with-dsym";
				ENABLE_NS_ASSERTIONS = NO;
				ENABLE_STRICT_OBJC_MSGSEND = YES;
				GCC_C_LANGUAGE_STANDARD = gnu11;
				GCC_NO_COMMON_BLOCKS = YES;
				GCC_WARN_64_TO_32_BIT_CONVERSION = YES;
				GCC_WARN_ABOUT_RETURN_TYPE = YES_ERROR;
				GCC_WARN_UNDECLARED_SELECTOR = YES;
				GCC_WARN_UNINITIALIZED_AUTOS = YES_AGGRESSIVE;
				GCC_WARN_UNUSED_FUNCTION = YES;
				GCC_WARN_UNUSED_VARIABLE = YES;
				MACOSX_DEPLOYMENT_TARGET = 12.5;
				MTL_ENABLE_DEBUG_INFO = NO;
				MTL_FAST_MATH = YES;
				SDKROOT = macosx;
			};
			name = Release;
		};
		C0C793CA2B7ED2AD00943ABD /* Debug */ = {
			isa = XCBuildConfiguration;
			buildSettings = {
				CODE_SIGN_ENTITLEMENTS = "Ninja Star/Ninja Star.entitlements";
				"CODE_SIGN_IDENTITY[sdk=macosx*]" = "-";
				CODE_SIGN_STYLE = Automatic;
				DEVELOPMENT_TEAM = "";
				ENABLE_HARDENED_RUNTIME = NO;
				HEADER_SEARCH_PATHS = "${SRCROOT}/Externals/raylib/4.5.0/include";
				LIBRARY_SEARCH_PATHS = "$(PROJECT_DIR)/Externals/raylib/4.5.0/lib";
				PRODUCT_NAME = "$(TARGET_NAME)";
			};
			name = Debug;
		};
		C0C793CB2B7ED2AD00943ABD /* Release */ = {
			isa = XCBuildConfiguration;
			buildSettings = {
				CODE_SIGN_ENTITLEMENTS = "Ninja Star/Ninja Star.entitlements";
				"CODE_SIGN_IDENTITY[sdk=macosx*]" = "-";
				CODE_SIGN_STYLE = Automatic;
				DEVELOPMENT_TEAM = "";
				ENABLE_HARDENED_RUNTIME = NO;
				HEADER_SEARCH_PATHS = "${SRCROOT}/Externals/raylib/4.5.0/include";
				LIBRARY_SEARCH_PATHS = "$(PROJECT_DIR)/Externals/raylib/4.5.0/lib";
				PRODUCT_NAME = "$(TARGET_NAME)";
			};
			name = Release;
		};
/* End XCBuildConfiguration section */

/* Begin XCConfigurationList section */
		C0C793BD2B7ED2AD00943ABD /* Build configuration list for PBXProject "Ninja Star" */ = {
			isa = XCConfigurationList;
			buildConfigurations = (
				C0C793C72B7ED2AD00943ABD /* Debug */,
				C0C793C82B7ED2AD00943ABD /* Release */,
			);
			defaultConfigurationIsVisible = 0;
			defaultConfigurationName = Release;
		};
		C0C793C92B7ED2AD00943ABD /* Build configuration list for PBXNativeTarget "Ninja Star" */ = {
			isa = XCConfigurationList;
			buildConfigurations = (
				C0C793CA2B7ED2AD00943ABD /* Debug */,
				C0C793CB2B7ED2AD00943ABD /* Release */,
			);
			defaultConfigurationIsVisible = 0;
			defaultConfigurationName = Release;
		};
/* End XCConfigurationList section */
	};
	rootObject = C0C793BA2B7ED2AD00943ABD /* Project object */;
}
